
Microsoft Visual Studio Solution File, Format Version 12.00
# Visual Studio Version 17
VisualStudioVersion = 17.5.2.0
MinimumVisualStudioVersion = 10.0.40219.1
Project("{FAE04EC0-301F-11D3-BF4B-00C04F79EFBC}") = "SchoolNutritionSurveyMvcApp", "SchoolNutritionSurveyMvcApp.csproj", "{9AF36CDB-48D0-0591-CBA0-EBB2AF5AF6A9}"
EndProject
Project("{FAE04EC0-301F-11D3-BF4B-00C04F79EFBC}") = "TextSimilaritySearchMvcApp", "..\..\..\TextSimilaritySearchMvcApp\TextSimilaritySearchMvcApp.csproj", "{15146C7D-83F8-4D96-B354-79F412C5750A}"
EndProject
Global
	GlobalSection(SolutionConfigurationPlatforms) = preSolution
		Debug|Any CPU = Debug|Any CPU
		Debug|x64 = Debug|x64
		Debug|x86 = Debug|x86
		Release|Any CPU = Release|Any CPU
		Release|x64 = Release|x64
		Release|x86 = Release|x86
	EndGlobalSection
	GlobalSection(ProjectConfigurationPlatforms) = postSolution
		{9AF36CDB-48D0-0591-CBA0-EBB2AF5AF6A9}.Debug|Any CPU.ActiveCfg = Debug|Any CPU
		{9AF36CDB-48D0-0591-CBA0-EBB2AF5AF6A9}.Debug|Any CPU.Build.0 = Debug|Any CPU
		{9AF36CDB-48D0-0591-CBA0-EBB2AF5AF6A9}.Debug|x64.ActiveCfg = Debug|Any CPU
		{9AF36CDB-48D0-0591-CBA0-EBB2AF5AF6A9}.Debug|x64.Build.0 = Debug|Any CPU
		{9AF36CDB-48D0-0591-CBA0-EBB2AF5AF6A9}.Debug|x86.ActiveCfg = Debug|Any CPU
		{9AF36CDB-48D0-0591-CBA0-EBB2AF5AF6A9}.Debug|x86.Build.0 = Debug|Any CPU
		{9AF36CDB-48D0-0591-CBA0-EBB2AF5AF6A9}.Release|Any CPU.ActiveCfg = Release|Any CPU
		{9AF36CDB-48D0-0591-CBA0-EBB2AF5AF6A9}.Release|Any CPU.Build.0 = Release|Any CPU
		{9AF36CDB-48D0-0591-CBA0-EBB2AF5AF6A9}.Release|x64.ActiveCfg = Release|Any CPU
		{9AF36CDB-48D0-0591-CBA0-EBB2AF5AF6A9}.Release|x64.Build.0 = Release|Any CPU
		{9AF36CDB-48D0-0591-CBA0-EBB2AF5AF6A9}.Release|x86.ActiveCfg = Release|Any CPU
		{9AF36CDB-48D0-0591-CBA0-EBB2AF5AF6A9}.Release|x86.Build.0 = Release|Any CPU
		{15146C7D-83F8-4D96-B354-79F412C5750A}.Debug|Any CPU.ActiveCfg = Debug|Any CPU
		{15146C7D-83F8-4D96-B354-79F412C5750A}.Debug|Any CPU.Build.0 = Debug|Any CPU
		{15146C7D-83F8-4D96-B354-79F412C5750A}.Debug|x64.ActiveCfg = Debug|Any CPU
		{15146C7D-83F8-4D96-B354-79F412C5750A}.Debug|x64.Build.0 = Debug|Any CPU
		{15146C7D-83F8-4D96-B354-79F412C5750A}.Debug|x86.ActiveCfg = Debug|Any CPU
		{15146C7D-83F8-4D96-B354-79F412C5750A}.Debug|x86.Build.0 = Debug|Any CPU
		{15146C7D-83F8-4D96-B354-79F412C5750A}.Release|Any CPU.ActiveCfg = Release|Any CPU
		{15146C7D-83F8-4D96-B354-79F412C5750A}.Release|Any CPU.Build.0 = Release|Any CPU
		{15146C7D-83F8-4D96-B354-79F412C5750A}.Release|x64.ActiveCfg = Release|Any CPU
		{15146C7D-83F8-4D96-B354-79F412C5750A}.Release|x64.Build.0 = Release|Any CPU
		{15146C7D-83F8-4D96-B354-79F412C5750A}.Release|x86.ActiveCfg = Release|Any CPU
		{15146C7D-83F8-4D96-B354-79F412C5750A}.Release|x86.Build.0 = Release|Any CPU
	EndGlobalSection
	GlobalSection(SolutionProperties) = preSolution
		HideSolutionNode = FALSE
	EndGlobalSection
	GlobalSection(ExtensibilityGlobals) = postSolution
		SolutionGuid = {611FCB18-7AA8-47F0-B75E-8DF08CFBA0D4}
	EndGlobalSection
EndGlobal
